
Microsoft Visual Studio Solution File, Format Version 10.00
# Visual Web Developer Express 2008
Project("{FAE04EC0-301F-11D3-BF4B-00C04F79EFBC}") = "TelnetingMythTv", "TelnetingMythTv\TelnetingMythTv.csproj", "{B8E623AA-B4E1-4862-8A4F-3ADF0A23B18A}"
EndProject
Project("{FAE04EC0-301F-11D3-BF4B-00C04F79EFBC}") = "TelnetingMythTv.ConsoleApp", "TelnetingMythTv.ConsoleApp\TelnetingMythTv.ConsoleApp.csproj", "{9EEDA34E-D45F-421B-81B2-609B89EF249E}"
EndProject
Project("{FAE04EC0-301F-11D3-BF4B-00C04F79EFBC}") = "TelnetingMythTv.Tests", "TelnetingMythTv.Tests\TelnetingMythTv.Tests.csproj", "{CEDF2E40-8084-49DE-9C37-44824A679207}"
EndProject
Global
	GlobalSection(SolutionConfigurationPlatforms) = preSolution
		Debug|Any CPU = Debug|Any CPU
		Release|Any CPU = Release|Any CPU
	EndGlobalSection
	GlobalSection(ProjectConfigurationPlatforms) = postSolution
		{B8E623AA-B4E1-4862-8A4F-3ADF0A23B18A}.Debug|Any CPU.ActiveCfg = Debug|Any CPU
		{B8E623AA-B4E1-4862-8A4F-3ADF0A23B18A}.Debug|Any CPU.Build.0 = Debug|Any CPU
		{B8E623AA-B4E1-4862-8A4F-3ADF0A23B18A}.Release|Any CPU.ActiveCfg = Release|Any CPU
		{B8E623AA-B4E1-4862-8A4F-3ADF0A23B18A}.Release|Any CPU.Build.0 = Release|Any CPU
		{9EEDA34E-D45F-421B-81B2-609B89EF249E}.Debug|Any CPU.ActiveCfg = Debug|Any CPU
		{9EEDA34E-D45F-421B-81B2-609B89EF249E}.Debug|Any CPU.Build.0 = Debug|Any CPU
		{9EEDA34E-D45F-421B-81B2-609B89EF249E}.Release|Any CPU.ActiveCfg = Release|Any CPU
		{9EEDA34E-D45F-421B-81B2-609B89EF249E}.Release|Any CPU.Build.0 = Release|Any CPU
		{CEDF2E40-8084-49DE-9C37-44824A679207}.Debug|Any CPU.ActiveCfg = Debug|Any CPU
		{CEDF2E40-8084-49DE-9C37-44824A679207}.Debug|Any CPU.Build.0 = Debug|Any CPU
		{CEDF2E40-8084-49DE-9C37-44824A679207}.Release|Any CPU.ActiveCfg = Release|Any CPU
		{CEDF2E40-8084-49DE-9C37-44824A679207}.Release|Any CPU.Build.0 = Release|Any CPU
	EndGlobalSection
	GlobalSection(SolutionProperties) = preSolution
		HideSolutionNode = FALSE
	EndGlobalSection
EndGlobal
